
Microsoft Visual Studio Solution File, Format Version 12.00
# Visual Studio 2013
VisualStudioVersion = 12.0.31101.0
MinimumVisualStudioVersion = 10.0.40219.1
Project("{FAE04EC0-301F-11D3-BF4B-00C04F79EFBC}") = "SimchaFund", "SimchaFund\SimchaFund.csproj", "{520C8E52-FCBB-47DD-A2F7-5F55C8AEA8ED}"
EndProject
Project("{FAE04EC0-301F-11D3-BF4B-00C04F79EFBC}") = "SimchaFund.data", "SimchaFund.data\SimchaFund.data.csproj", "{A6F8D20F-7E0B-4BC7-8437-9426BAD3F4FD}"
EndProject
Global
	GlobalSection(SolutionConfigurationPlatforms) = preSolution
		Debug|Any CPU = Debug|Any CPU
		Release|Any CPU = Release|Any CPU
	EndGlobalSection
	GlobalSection(ProjectConfigurationPlatforms) = postSolution
		{520C8E52-FCBB-47DD-A2F7-5F55C8AEA8ED}.Debug|Any CPU.ActiveCfg = Debug|Any CPU
		{520C8E52-FCBB-47DD-A2F7-5F55C8AEA8ED}.Debug|Any CPU.Build.0 = Debug|Any CPU
		{520C8E52-FCBB-47DD-A2F7-5F55C8AEA8ED}.Release|Any CPU.ActiveCfg = Release|Any CPU
		{520C8E52-FCBB-47DD-A2F7-5F55C8AEA8ED}.Release|Any CPU.Build.0 = Release|Any CPU
		{A6F8D20F-7E0B-4BC7-8437-9426BAD3F4FD}.Debug|Any CPU.ActiveCfg = Debug|Any CPU
		{A6F8D20F-7E0B-4BC7-8437-9426BAD3F4FD}.Debug|Any CPU.Build.0 = Debug|Any CPU
		{A6F8D20F-7E0B-4BC7-8437-9426BAD3F4FD}.Release|Any CPU.ActiveCfg = Release|Any CPU
		{A6F8D20F-7E0B-4BC7-8437-9426BAD3F4FD}.Release|Any CPU.Build.0 = Release|Any CPU
	EndGlobalSection
	GlobalSection(SolutionProperties) = preSolution
		HideSolutionNode = FALSE
	EndGlobalSection
EndGlobal
